
Microsoft Visual Studio Solution File, Format Version 12.00
Project("{FAE04EC0-301F-11D3-BF4B-00C04F79EFBC}") = "projet01", "projet01\projet01.csproj", "{C6D05F6B-1524-44F8-8B06-D4AE8E15878D}"
EndProject
Project("{FAE04EC0-301F-11D3-BF4B-00C04F79EFBC}") = "LeapYearAndDay", "LeapYearAndDay\LeapYearAndDay.csproj", "{C27BD400-90BD-4ACE-9587-1E18FC8ECA45}"
EndProject
Project("{FAE04EC0-301F-11D3-BF4B-00C04F79EFBC}") = "test_place", "test_place\test_place.csproj", "{8B35290F-938A-4160-AAB5-7C66C7A1441E}"
EndProject
Project("{FAE04EC0-301F-11D3-BF4B-00C04F79EFBC}") = "VariableSwap", "VariableSwap\VariableSwap.csproj", "{F2EC921C-73F2-4D8C-AAD8-5DF0F6ECF445}"
EndProject
Project("{FAE04EC0-301F-11D3-BF4B-00C04F79EFBC}") = "PowerPoint01", "PowerPoint01\PowerPoint01.csproj", "{B80528FD-2052-40F2-9D4B-53735C3E845E}"
EndProject
Project("{FAE04EC0-301F-11D3-BF4B-00C04F79EFBC}") = "scratchBoard", "scratchBoard\scratchBoard.csproj", "{6B841AD6-685B-4A87-9C96-AC91B589989C}"
EndProject
Project("{FAE04EC0-301F-11D3-BF4B-00C04F79EFBC}") = "MenuTest", "MenuTest\MenuTest.csproj", "{92C1D9FC-A603-4638-B65C-2CFF0BA1FB44}"
EndProject
Project("{FAE04EC0-301F-11D3-BF4B-00C04F79EFBC}") = "LeapYearDayV2", "LeapYearDayV2\LeapYearDayV2.csproj", "{06E81506-57BB-4823-891C-8CD281B03273}"
EndProject
Project("{FAE04EC0-301F-11D3-BF4B-00C04F79EFBC}") = "scratchBoard2", "scratchBoard2\scratchBoard2.csproj", "{93B233B2-D0DF-4657-8D4B-A2D4369C1455}"
EndProject
Project("{FAE04EC0-301F-11D3-BF4B-00C04F79EFBC}") = "ExerciceLab02", "ExerciceLab02\ExerciceLab02.csproj", "{41A72684-2EB4-4345-A9B8-901067982405}"
EndProject
Project("{FAE04EC0-301F-11D3-BF4B-00C04F79EFBC}") = "TestSourceTree", "TestSourceTree\TestSourceTree.csproj", "{24F98ED1-AB84-419D-8BE4-F193CDDBCD17}"
EndProject
Project("{FAE04EC0-301F-11D3-BF4B-00C04F79EFBC}") = "CandyMachine", "CandyMachine\CandyMachine.csproj", "{FF277EAA-5FA1-4F13-9EC0-6759731BF7BC}"
EndProject
Project("{FAE04EC0-301F-11D3-BF4B-00C04F79EFBC}") = "Laboratoire3", "Laboratoire3\Laboratoire3.csproj", "{2AD03666-C709-4C32-8027-C9C35F18E405}"
EndProject
Project("{FAE04EC0-301F-11D3-BF4B-00C04F79EFBC}") = "Laboratoire04", "Laboratoire04\Laboratoire04.csproj", "{616F561B-34A4-4F14-AF34-E4D9F24E41A4}"
EndProject
Project("{FAE04EC0-301F-11D3-BF4B-00C04F79EFBC}") = "ScrapYard", "ScrapYard\ScrapYard.csproj", "{D56152E7-767D-426C-B110-762DDEA38C8C}"
EndProject
Project("{FAE04EC0-301F-11D3-BF4B-00C04F79EFBC}") = "Evaluation1", "Evaluation1\Evaluation1.csproj", "{A5DC2F58-CDE1-4BCC-9601-D12692690176}"
EndProject
Project("{FAE04EC0-301F-11D3-BF4B-00C04F79EFBC}") = "Laboratoire06", "Laboratoire06\Laboratoire06.csproj", "{321AC1C8-23E1-4AA0-8E5B-85DF2C9CBA30}"
EndProject
Project("{FAE04EC0-301F-11D3-BF4B-00C04F79EFBC}") = "Laboratoire06Bonus", "Laboratoire06Bonus\Laboratoire06Bonus.csproj", "{FFFD9B8C-CED4-4003-A2AB-39F7238F0893}"
EndProject
Project("{FAE04EC0-301F-11D3-BF4B-00C04F79EFBC}") = "Examen2", "Examen2\Examen2.csproj", "{8494C3C3-582C-4230-9DF9-4720C833B848}"
EndProject
Global
	GlobalSection(SolutionConfigurationPlatforms) = preSolution
		Debug|Any CPU = Debug|Any CPU
		Release|Any CPU = Release|Any CPU
	EndGlobalSection
	GlobalSection(ProjectConfigurationPlatforms) = postSolution
		{C6D05F6B-1524-44F8-8B06-D4AE8E15878D}.Debug|Any CPU.ActiveCfg = Debug|Any CPU
		{C6D05F6B-1524-44F8-8B06-D4AE8E15878D}.Debug|Any CPU.Build.0 = Debug|Any CPU
		{C6D05F6B-1524-44F8-8B06-D4AE8E15878D}.Release|Any CPU.ActiveCfg = Release|Any CPU
		{C6D05F6B-1524-44F8-8B06-D4AE8E15878D}.Release|Any CPU.Build.0 = Release|Any CPU
		{C27BD400-90BD-4ACE-9587-1E18FC8ECA45}.Debug|Any CPU.ActiveCfg = Debug|Any CPU
		{C27BD400-90BD-4ACE-9587-1E18FC8ECA45}.Debug|Any CPU.Build.0 = Debug|Any CPU
		{C27BD400-90BD-4ACE-9587-1E18FC8ECA45}.Release|Any CPU.ActiveCfg = Release|Any CPU
		{C27BD400-90BD-4ACE-9587-1E18FC8ECA45}.Release|Any CPU.Build.0 = Release|Any CPU
		{8B35290F-938A-4160-AAB5-7C66C7A1441E}.Debug|Any CPU.ActiveCfg = Debug|Any CPU
		{8B35290F-938A-4160-AAB5-7C66C7A1441E}.Debug|Any CPU.Build.0 = Debug|Any CPU
		{8B35290F-938A-4160-AAB5-7C66C7A1441E}.Release|Any CPU.ActiveCfg = Release|Any CPU
		{8B35290F-938A-4160-AAB5-7C66C7A1441E}.Release|Any CPU.Build.0 = Release|Any CPU
		{F2EC921C-73F2-4D8C-AAD8-5DF0F6ECF445}.Debug|Any CPU.ActiveCfg = Debug|Any CPU
		{F2EC921C-73F2-4D8C-AAD8-5DF0F6ECF445}.Debug|Any CPU.Build.0 = Debug|Any CPU
		{F2EC921C-73F2-4D8C-AAD8-5DF0F6ECF445}.Release|Any CPU.ActiveCfg = Release|Any CPU
		{F2EC921C-73F2-4D8C-AAD8-5DF0F6ECF445}.Release|Any CPU.Build.0 = Release|Any CPU
		{B80528FD-2052-40F2-9D4B-53735C3E845E}.Debug|Any CPU.ActiveCfg = Debug|Any CPU
		{B80528FD-2052-40F2-9D4B-53735C3E845E}.Debug|Any CPU.Build.0 = Debug|Any CPU
		{B80528FD-2052-40F2-9D4B-53735C3E845E}.Release|Any CPU.ActiveCfg = Release|Any CPU
		{B80528FD-2052-40F2-9D4B-53735C3E845E}.Release|Any CPU.Build.0 = Release|Any CPU
		{6B841AD6-685B-4A87-9C96-AC91B589989C}.Debug|Any CPU.ActiveCfg = Debug|Any CPU
		{6B841AD6-685B-4A87-9C96-AC91B589989C}.Debug|Any CPU.Build.0 = Debug|Any CPU
		{6B841AD6-685B-4A87-9C96-AC91B589989C}.Release|Any CPU.ActiveCfg = Release|Any CPU
		{6B841AD6-685B-4A87-9C96-AC91B589989C}.Release|Any CPU.Build.0 = Release|Any CPU
		{92C1D9FC-A603-4638-B65C-2CFF0BA1FB44}.Debug|Any CPU.ActiveCfg = Debug|Any CPU
		{92C1D9FC-A603-4638-B65C-2CFF0BA1FB44}.Debug|Any CPU.Build.0 = Debug|Any CPU
		{92C1D9FC-A603-4638-B65C-2CFF0BA1FB44}.Release|Any CPU.ActiveCfg = Release|Any CPU
		{92C1D9FC-A603-4638-B65C-2CFF0BA1FB44}.Release|Any CPU.Build.0 = Release|Any CPU
		{06E81506-57BB-4823-891C-8CD281B03273}.Debug|Any CPU.ActiveCfg = Debug|Any CPU
		{06E81506-57BB-4823-891C-8CD281B03273}.Debug|Any CPU.Build.0 = Debug|Any CPU
		{06E81506-57BB-4823-891C-8CD281B03273}.Release|Any CPU.ActiveCfg = Release|Any CPU
		{06E81506-57BB-4823-891C-8CD281B03273}.Release|Any CPU.Build.0 = Release|Any CPU
		{93B233B2-D0DF-4657-8D4B-A2D4369C1455}.Debug|Any CPU.ActiveCfg = Debug|Any CPU
		{93B233B2-D0DF-4657-8D4B-A2D4369C1455}.Debug|Any CPU.Build.0 = Debug|Any CPU
		{93B233B2-D0DF-4657-8D4B-A2D4369C1455}.Release|Any CPU.ActiveCfg = Release|Any CPU
		{93B233B2-D0DF-4657-8D4B-A2D4369C1455}.Release|Any CPU.Build.0 = Release|Any CPU
		{41A72684-2EB4-4345-A9B8-901067982405}.Debug|Any CPU.ActiveCfg = Debug|Any CPU
		{41A72684-2EB4-4345-A9B8-901067982405}.Debug|Any CPU.Build.0 = Debug|Any CPU
		{41A72684-2EB4-4345-A9B8-901067982405}.Release|Any CPU.ActiveCfg = Release|Any CPU
		{41A72684-2EB4-4345-A9B8-901067982405}.Release|Any CPU.Build.0 = Release|Any CPU
		{24F98ED1-AB84-419D-8BE4-F193CDDBCD17}.Debug|Any CPU.ActiveCfg = Debug|Any CPU
		{24F98ED1-AB84-419D-8BE4-F193CDDBCD17}.Debug|Any CPU.Build.0 = Debug|Any CPU
		{24F98ED1-AB84-419D-8BE4-F193CDDBCD17}.Release|Any CPU.ActiveCfg = Release|Any CPU
		{24F98ED1-AB84-419D-8BE4-F193CDDBCD17}.Release|Any CPU.Build.0 = Release|Any CPU
		{FF277EAA-5FA1-4F13-9EC0-6759731BF7BC}.Debug|Any CPU.ActiveCfg = Debug|Any CPU
		{FF277EAA-5FA1-4F13-9EC0-6759731BF7BC}.Debug|Any CPU.Build.0 = Debug|Any CPU
		{FF277EAA-5FA1-4F13-9EC0-6759731BF7BC}.Release|Any CPU.ActiveCfg = Release|Any CPU
		{FF277EAA-5FA1-4F13-9EC0-6759731BF7BC}.Release|Any CPU.Build.0 = Release|Any CPU
		{2AD03666-C709-4C32-8027-C9C35F18E405}.Debug|Any CPU.ActiveCfg = Debug|Any CPU
		{2AD03666-C709-4C32-8027-C9C35F18E405}.Debug|Any CPU.Build.0 = Debug|Any CPU
		{2AD03666-C709-4C32-8027-C9C35F18E405}.Release|Any CPU.ActiveCfg = Release|Any CPU
		{2AD03666-C709-4C32-8027-C9C35F18E405}.Release|Any CPU.Build.0 = Release|Any CPU
		{616F561B-34A4-4F14-AF34-E4D9F24E41A4}.Debug|Any CPU.ActiveCfg = Debug|Any CPU
		{616F561B-34A4-4F14-AF34-E4D9F24E41A4}.Debug|Any CPU.Build.0 = Debug|Any CPU
		{616F561B-34A4-4F14-AF34-E4D9F24E41A4}.Release|Any CPU.ActiveCfg = Release|Any CPU
		{616F561B-34A4-4F14-AF34-E4D9F24E41A4}.Release|Any CPU.Build.0 = Release|Any CPU
		{D56152E7-767D-426C-B110-762DDEA38C8C}.Debug|Any CPU.ActiveCfg = Debug|Any CPU
		{D56152E7-767D-426C-B110-762DDEA38C8C}.Debug|Any CPU.Build.0 = Debug|Any CPU
		{D56152E7-767D-426C-B110-762DDEA38C8C}.Release|Any CPU.ActiveCfg = Release|Any CPU
		{D56152E7-767D-426C-B110-762DDEA38C8C}.Release|Any CPU.Build.0 = Release|Any CPU
		{A5DC2F58-CDE1-4BCC-9601-D12692690176}.Debug|Any CPU.ActiveCfg = Debug|Any CPU
		{A5DC2F58-CDE1-4BCC-9601-D12692690176}.Debug|Any CPU.Build.0 = Debug|Any CPU
		{A5DC2F58-CDE1-4BCC-9601-D12692690176}.Release|Any CPU.ActiveCfg = Release|Any CPU
		{A5DC2F58-CDE1-4BCC-9601-D12692690176}.Release|Any CPU.Build.0 = Release|Any CPU
		{321AC1C8-23E1-4AA0-8E5B-85DF2C9CBA30}.Debug|Any CPU.ActiveCfg = Debug|Any CPU
		{321AC1C8-23E1-4AA0-8E5B-85DF2C9CBA30}.Debug|Any CPU.Build.0 = Debug|Any CPU
		{321AC1C8-23E1-4AA0-8E5B-85DF2C9CBA30}.Release|Any CPU.ActiveCfg = Release|Any CPU
		{321AC1C8-23E1-4AA0-8E5B-85DF2C9CBA30}.Release|Any CPU.Build.0 = Release|Any CPU
		{FFFD9B8C-CED4-4003-A2AB-39F7238F0893}.Debug|Any CPU.ActiveCfg = Debug|Any CPU
		{FFFD9B8C-CED4-4003-A2AB-39F7238F0893}.Debug|Any CPU.Build.0 = Debug|Any CPU
		{FFFD9B8C-CED4-4003-A2AB-39F7238F0893}.Release|Any CPU.ActiveCfg = Release|Any CPU
		{FFFD9B8C-CED4-4003-A2AB-39F7238F0893}.Release|Any CPU.Build.0 = Release|Any CPU
		{8494C3C3-582C-4230-9DF9-4720C833B848}.Debug|Any CPU.ActiveCfg = Debug|Any CPU
		{8494C3C3-582C-4230-9DF9-4720C833B848}.Debug|Any CPU.Build.0 = Debug|Any CPU
		{8494C3C3-582C-4230-9DF9-4720C833B848}.Release|Any CPU.ActiveCfg = Release|Any CPU
		{8494C3C3-582C-4230-9DF9-4720C833B848}.Release|Any CPU.Build.0 = Release|Any CPU
	EndGlobalSection
EndGlobal
